
Microsoft Visual Studio Solution File, Format Version 12.00
# Visual Studio 14
VisualStudioVersion = 14.0.25420.1
MinimumVisualStudioVersion = 10.0.40219.1
Project("{FAE04EC0-301F-11D3-BF4B-00C04F79EFBC}") = "Client", "Client\Client.csproj", "{A59217C5-4D01-423E-8E0B-3077C6D28F1A}"
EndProject
Project("{FAE04EC0-301F-11D3-BF4B-00C04F79EFBC}") = "Server", "Server\Server.csproj", "{BE1CFAAD-5511-4FD7-90AF-1718FF73727A}"
EndProject
Project("{FAE04EC0-301F-11D3-BF4B-00C04F79EFBC}") = "ServerTests", "ServerTests1\ServerTests.csproj", "{9E684401-CB18-467F-A3D4-955F2EBE5217}"
EndProject
Project("{FAE04EC0-301F-11D3-BF4B-00C04F79EFBC}") = "TestsIHM", "TestsIHM\TestsIHM.csproj", "{CD041988-30B5-4907-B6D3-59C700A464C1}"
EndProject
Global
	GlobalSection(SolutionConfigurationPlatforms) = preSolution
		Debug|Any CPU = Debug|Any CPU
		Release|Any CPU = Release|Any CPU
	EndGlobalSection
	GlobalSection(ProjectConfigurationPlatforms) = postSolution
		{A59217C5-4D01-423E-8E0B-3077C6D28F1A}.Debug|Any CPU.ActiveCfg = Debug|Any CPU
		{A59217C5-4D01-423E-8E0B-3077C6D28F1A}.Debug|Any CPU.Build.0 = Debug|Any CPU
		{A59217C5-4D01-423E-8E0B-3077C6D28F1A}.Release|Any CPU.ActiveCfg = Release|Any CPU
		{A59217C5-4D01-423E-8E0B-3077C6D28F1A}.Release|Any CPU.Build.0 = Release|Any CPU
		{BE1CFAAD-5511-4FD7-90AF-1718FF73727A}.Debug|Any CPU.ActiveCfg = Debug|Any CPU
		{BE1CFAAD-5511-4FD7-90AF-1718FF73727A}.Debug|Any CPU.Build.0 = Debug|Any CPU
		{BE1CFAAD-5511-4FD7-90AF-1718FF73727A}.Release|Any CPU.ActiveCfg = Release|Any CPU
		{BE1CFAAD-5511-4FD7-90AF-1718FF73727A}.Release|Any CPU.Build.0 = Release|Any CPU
		{9E684401-CB18-467F-A3D4-955F2EBE5217}.Debug|Any CPU.ActiveCfg = Debug|Any CPU
		{9E684401-CB18-467F-A3D4-955F2EBE5217}.Debug|Any CPU.Build.0 = Debug|Any CPU
		{9E684401-CB18-467F-A3D4-955F2EBE5217}.Release|Any CPU.ActiveCfg = Release|Any CPU
		{9E684401-CB18-467F-A3D4-955F2EBE5217}.Release|Any CPU.Build.0 = Release|Any CPU
		{CD041988-30B5-4907-B6D3-59C700A464C1}.Debug|Any CPU.ActiveCfg = Debug|Any CPU
		{CD041988-30B5-4907-B6D3-59C700A464C1}.Debug|Any CPU.Build.0 = Debug|Any CPU
		{CD041988-30B5-4907-B6D3-59C700A464C1}.Release|Any CPU.ActiveCfg = Release|Any CPU
		{CD041988-30B5-4907-B6D3-59C700A464C1}.Release|Any CPU.Build.0 = Release|Any CPU
	EndGlobalSection
	GlobalSection(SolutionProperties) = preSolution
		HideSolutionNode = FALSE
	EndGlobalSection
EndGlobal
